
Microsoft Visual Studio Solution File, Format Version 12.00
# Visual Studio Version 17
VisualStudioVersion = 17.10.35122.118
MinimumVisualStudioVersion = 10.0.40219.1
Project("{8BC9CEB8-8B4A-11D0-8D11-00A0C91BC942}") = "WebDataScraper", "WebDataScraper.vcxproj", "{0F26B26C-2C9D-4845-B4B6-8BA59C9FA64B}"
EndProject
Global
	GlobalSection(SolutionConfigurationPlatforms) = preSolution
		Debug|x64 = Debug|x64
		Debug|x86 = Debug|x86
		Release|x64 = Release|x64
		Release|x86 = Release|x86
	EndGlobalSection
	GlobalSection(ProjectConfigurationPlatforms) = postSolution
		{0F26B26C-2C9D-4845-B4B6-8BA59C9FA64B}.Debug|x64.ActiveCfg = Debug|x64
		{0F26B26C-2C9D-4845-B4B6-8BA59C9FA64B}.Debug|x64.Build.0 = Debug|x64
		{0F26B26C-2C9D-4845-B4B6-8BA59C9FA64B}.Debug|x86.ActiveCfg = Debug|Win32
		{0F26B26C-2C9D-4845-B4B6-8BA59C9FA64B}.Debug|x86.Build.0 = Debug|Win32
		{0F26B26C-2C9D-4845-B4B6-8BA59C9FA64B}.Release|x64.ActiveCfg = Release|x64
		{0F26B26C-2C9D-4845-B4B6-8BA59C9FA64B}.Release|x64.Build.0 = Release|x64
		{0F26B26C-2C9D-4845-B4B6-8BA59C9FA64B}.Release|x86.ActiveCfg = Release|Win32
		{0F26B26C-2C9D-4845-B4B6-8BA59C9FA64B}.Release|x86.Build.0 = Release|Win32
	EndGlobalSection
	GlobalSection(SolutionProperties) = preSolution
		HideSolutionNode = FALSE
	EndGlobalSection
	GlobalSection(ExtensibilityGlobals) = postSolution
		SolutionGuid = {9CF2C4A1-362E-4CFB-BB46-FE874E42B13A}
	EndGlobalSection
EndGlobal
